// !$*UTF8*$!
{
	archiveVersion = 1;
	classes = {
	};
	objectVersion = 46;
	objects = {

/* Begin PBXBuildFile section */
		E74B23791BAB476A003B91B8 /* main.m in Sources */ = {isa = PBXBuildFile; fileRef = E74B23781BAB476A003B91B8 /* main.m */; };
		E74B237C1BAB476A003B91B8 /* AppDelegate.m in Sources */ = {isa = PBXBuildFile; fileRef = E74B237B1BAB476A003B91B8 /* AppDelegate.m */; };
		E74B237F1BAB476A003B91B8 /* Canvas.xcdatamodeld in Sources */ = {isa = PBXBuildFile; fileRef = E74B237D1BAB476A003B91B8 /* Canvas.xcdatamodeld */; };
		E74B23821BAB476A003B91B8 /* ViewController.m in Sources */ = {isa = PBXBuildFile; fileRef = E74B23811BAB476A003B91B8 /* ViewController.m */; };
		E74B23851BAB476A003B91B8 /* Main.storyboard in Resources */ = {isa = PBXBuildFile; fileRef = E74B23831BAB476A003B91B8 /* Main.storyboard */; };
		E74B23871BAB476A003B91B8 /* Images.xcassets in Resources */ = {isa = PBXBuildFile; fileRef = E74B23861BAB476A003B91B8 /* Images.xcassets */; };
		E74B238A1BAB476A003B91B8 /* LaunchScreen.xib in Resources */ = {isa = PBXBuildFile; fileRef = E74B23881BAB476A003B91B8 /* LaunchScreen.xib */; };
		E74B23961BAB476A003B91B8 /* CanvasTests.m in Sources */ = {isa = PBXBuildFile; fileRef = E74B23951BAB476A003B91B8 /* CanvasTests.m */; };
/* End PBXBuildFile section */

/* Begin PBXContainerItemProxy section */
		E74B23901BAB476A003B91B8 /* PBXContainerItemProxy */ = {
			isa = PBXContainerItemProxy;
			containerPortal = E74B236B1BAB476A003B91B8 /* Project object */;
			proxyType = 1;
			remoteGlobalIDString = E74B23721BAB476A003B91B8;
			remoteInfo = Canvas;
		};
/* End PBXContainerItemProxy section */

/* Begin PBXFileReference section */
		E74B23731BAB476A003B91B8 /* Canvas.app */ = {isa = PBXFileReference; explicitFileType = wrapper.application; includeInIndex = 0; path = Canvas.app; sourceTree = BUILT_PRODUCTS_DIR; };
		E74B23771BAB476A003B91B8 /* Info.plist */ = {isa = PBXFileReference; lastKnownFileType = text.plist.xml; path = Info.plist; sourceTree = "<group>"; };
		E74B23781BAB476A003B91B8 /* main.m */ = {isa = PBXFileReference; lastKnownFileType = sourcecode.c.objc; path = main.m; sourceTree = "<group>"; };
		E74B237A1BAB476A003B91B8 /* AppDelegate.h */ = {isa = PBXFileReference; lastKnownFileType = sourcecode.c.h; path = AppDelegate.h; sourceTree = "<group>"; };
		E74B237B1BAB476A003B91B8 /* AppDelegate.m */ = {isa = PBXFileReference; lastKnownFileType = sourcecode.c.objc; path = AppDelegate.m; sourceTree = "<group>"; };
		E74B237E1BAB476A003B91B8 /* Canvas.xcdatamodel */ = {isa = PBXFileReference; lastKnownFileType = wrapper.xcdatamodel; path = Canvas.xcdatamodel; sourceTree = "<group>"; };
		E74B23801BAB476A003B91B8 /* ViewController.h */ = {isa = PBXFileReference; lastKnownFileType = sourcecode.c.h; path = ViewController.h; sourceTree = "<group>"; };
		E74B23811BAB476A003B91B8 /* ViewController.m */ = {isa = PBXFileReference; lastKnownFileType = sourcecode.c.objc; path = ViewController.m; sourceTree = "<group>"; };
		E74B23841BAB476A003B91B8 /* Base */ = {isa = PBXFileReference; lastKnownFileType = file.storyboard; name = Base; path = Base.lproj/Main.storyboard; sourceTree = "<group>"; };
		E74B23861BAB476A003B91B8 /* Images.xcassets */ = {isa = PBXFileReference; lastKnownFileType = folder.assetcatalog; path = Images.xcassets; sourceTree = "<group>"; };
		E74B23891BAB476A003B91B8 /* Base */ = {isa = PBXFileReference; lastKnownFileType = file.xib; name = Base; path = Base.lproj/LaunchScreen.xib; sourceTree = "<group>"; };
		E74B238F1BAB476A003B91B8 /* CanvasTests.xctest */ = {isa = PBXFileReference; explicitFileType = wrapper.cfbundle; includeInIndex = 0; path = CanvasTests.xctest; sourceTree = BUILT_PRODUCTS_DIR; };
		E74B23941BAB476A003B91B8 /* Info.plist */ = {isa = PBXFileReference; lastKnownFileType = text.plist.xml; path = Info.plist; sourceTree = "<group>"; };
		E74B23951BAB476A003B91B8 /* CanvasTests.m */ = {isa = PBXFileReference; lastKnownFileType = sourcecode.c.objc; path = CanvasTests.m; sourceTree = "<group>"; };
/* End PBXFileReference section */

/* Begin PBXFrameworksBuildPhase section */
		E74B23701BAB476A003B91B8 /* Frameworks */ = {
			isa = PBXFrameworksBuildPhase;
			buildActionMask = 2147483647;
			files = (
			);
			runOnlyForDeploymentPostprocessing = 0;
		};
		E74B238C1BAB476A003B91B8 /* Frameworks */ = {
			isa = PBXFrameworksBuildPhase;
			buildActionMask = 2147483647;
			files = (
			);
			runOnlyForDeploymentPostprocessing = 0;
		};
/* End PBXFrameworksBuildPhase section */

/* Begin PBXGroup section */
		E74B236A1BAB476A003B91B8 = {
			isa = PBXGroup;
			children = (
				E74B23751BAB476A003B91B8 /* Canvas */,
				E74B23921BAB476A003B91B8 /* CanvasTests */,
				E74B23741BAB476A003B91B8 /* Products */,
			);
			sourceTree = "<group>";
		};
		E74B23741BAB476A003B91B8 /* Products */ = {
			isa = PBXGroup;
			children = (
				E74B23731BAB476A003B91B8 /* Canvas.app */,
				E74B238F1BAB476A003B91B8 /* CanvasTests.xctest */,
			);
			name = Products;
			sourceTree = "<group>";
		};
		E74B23751BAB476A003B91B8 /* Canvas */ = {
			isa = PBXGroup;
			children = (
				E74B237A1BAB476A003B91B8 /* AppDelegate.h */,
				E74B237B1BAB476A003B91B8 /* AppDelegate.m */,
				E74B23801BAB476A003B91B8 /* ViewController.h */,
				E74B23811BAB476A003B91B8 /* ViewController.m */,
				E74B23831BAB476A003B91B8 /* Main.storyboard */,
				E74B23861BAB476A003B91B8 /* Images.xcassets */,
				E74B23881BAB476A003B91B8 /* LaunchScreen.xib */,
				E74B237D1BAB476A003B91B8 /* Canvas.xcdatamodeld */,
				E74B23761BAB476A003B91B8 /* Supporting Files */,
			);
			path = Canvas;
			sourceTree = "<group>";
		};
		E74B23761BAB476A003B91B8 /* Supporting Files */ = {
			isa = PBXGroup;
			children = (
				E74B23771BAB476A003B91B8 /* Info.plist */,
				E74B23781BAB476A003B91B8 /* main.m */,
			);
			name = "Supporting Files";
			sourceTree = "<group>";
		};
		E74B23921BAB476A003B91B8 /* CanvasTests */ = {
			isa = PBXGroup;
			children = (
				E74B23951BAB476A003B91B8 /* CanvasTests.m */,
				E74B23931BAB476A003B91B8 /* Supporting Files */,
			);
			path = CanvasTests;
			sourceTree = "<group>";
		};
		E74B23931BAB476A003B91B8 /* Supporting Files */ = {
			isa = PBXGroup;
			children = (
				E74B23941BAB476A003B91B8 /* Info.plist */,
			);
			name = "Supporting Files";
			sourceTree = "<group>";
		};
/* End PBXGroup section */

/* Begin PBXNativeTarget section */
		E74B23721BAB476A003B91B8 /* Canvas */ = {
			isa = PBXNativeTarget;
			buildConfigurationList = E74B23991BAB476A003B91B8 /* Build configuration list for PBXNativeTarget "Canvas" */;
			buildPhases = (
				E74B236F1BAB476A003B91B8 /* Sources */,
				E74B23701BAB476A003B91B8 /* Frameworks */,
				E74B23711BAB476A003B91B8 /* Resources */,
			);
			buildRules = (
			);
			dependencies = (
			);
			name = Canvas;
			productName = Canvas;
			productReference = E74B23731BAB476A003B91B8 /* Canvas.app */;
			productType = "com.apple.product-type.application";
		};
		E74B238E1BAB476A003B91B8 /* CanvasTests */ = {
			isa = PBXNativeTarget;
			buildConfigurationList = E74B239C1BAB476A003B91B8 /* Build configuration list for PBXNativeTarget "CanvasTests" */;
			buildPhases = (
				E74B238B1BAB476A003B91B8 /* Sources */,
				E74B238C1BAB476A003B91B8 /* Frameworks */,
				E74B238D1BAB476A003B91B8 /* Resources */,
			);
			buildRules = (
			);
			dependencies = (
				E74B23911BAB476A003B91B8 /* PBXTargetDependency */,
			);
			name = CanvasTests;
			productName = CanvasTests;
			productReference = E74B238F1BAB476A003B91B8 /* CanvasTests.xctest */;
			productType = "com.apple.product-type.bundle.unit-test";
		};
/* End PBXNativeTarget section */

/* Begin PBXProject section */
		E74B236B1BAB476A003B91B8 /* Project object */ = {
			isa = PBXProject;
			attributes = {
				LastUpgradeCheck = 0640;
				ORGANIZATIONNAME = "Ambuj Punn";
				TargetAttributes = {
					E74B23721BAB476A003B91B8 = {
						CreatedOnToolsVersion = 6.4;
					};
					E74B238E1BAB476A003B91B8 = {
						CreatedOnToolsVersion = 6.4;
						TestTargetID = E74B23721BAB476A003B91B8;
					};
				};
			};
			buildConfigurationList = E74B236E1BAB476A003B91B8 /* Build configuration list for PBXProject "Canvas" */;
			compatibilityVersion = "Xcode 3.2";
			developmentRegion = English;
			hasScannedForEncodings = 0;
			knownRegions = (
				en,
				Base,
			);
			mainGroup = E74B236A1BAB476A003B91B8;
			productRefGroup = E74B23741BAB476A003B91B8 /* Products */;
			projectDirPath = "";
			projectRoot = "";
			targets = (
				E74B23721BAB476A003B91B8 /* Canvas */,
				E74B238E1BAB476A003B91B8 /* CanvasTests */,
			);
		};
/* End PBXProject section */

/* Begin PBXResourcesBuildPhase section */
		E74B23711BAB476A003B91B8 /* Resources */ = {
			isa = PBXResourcesBuildPhase;
			buildActionMask = 2147483647;
			files = (
				E74B23851BAB476A003B91B8 /* Main.storyboard in Resources */,
				E74B238A1BAB476A003B91B8 /* LaunchScreen.xib in Resources */,
				E74B23871BAB476A003B91B8 /* Images.xcassets in Resources */,
			);
			runOnlyForDeploymentPostprocessing = 0;
		};
		E74B238D1BAB476A003B91B8 /* Resources */ = {
			isa = PBXResourcesBuildPhase;
			buildActionMask = 2147483647;
			files = (
			);
			runOnlyForDeploymentPostprocessing = 0;
		};
/* End PBXResourcesBuildPhase section */

/* Begin PBXSourcesBuildPhase section */
		E74B236F1BAB476A003B91B8 /* Sources */ = {
			isa = PBXSourcesBuildPhase;
			buildActionMask = 2147483647;
			files = (
				E74B237C1BAB476A003B91B8 /* AppDelegate.m in Sources */,
				E74B237F1BAB476A003B91B8 /* Canvas.xcdatamodeld in Sources */,
				E74B23821BAB476A003B91B8 /* ViewController.m in Sources */,
				E74B23791BAB476A003B91B8 /* main.m in Sources */,
			);
			runOnlyForDeploymentPostprocessing = 0;
		};
		E74B238B1BAB476A003B91B8 /* Sources */ = {
			isa = PBXSourcesBuildPhase;
			buildActionMask = 2147483647;
			files = (
				E74B23961BAB476A003B91B8 /* CanvasTests.m in Sources */,
			);
			runOnlyForDeploymentPostprocessing = 0;
		};
/* End PBXSourcesBuildPhase section */

/* Begin PBXTargetDependency section */
		E74B23911BAB476A003B91B8 /* PBXTargetDependency */ = {
			isa = PBXTargetDependency;
			target = E74B23721BAB476A003B91B8 /* Canvas */;
			targetProxy = E74B23901BAB476A003B91B8 /* PBXContainerItemProxy */;
		};
/* End PBXTargetDependency section */

/* Begin PBXVariantGroup section */
		E74B23831BAB476A003B91B8 /* Main.storyboard */ = {
			isa = PBXVariantGroup;
			children = (
				E74B23841BAB476A003B91B8 /* Base */,
			);
			name = Main.storyboard;
			sourceTree = "<group>";
		};
		E74B23881BAB476A003B91B8 /* LaunchScreen.xib */ = {
			isa = PBXVariantGroup;
			children = (
				E74B23891BAB476A003B91B8 /* Base */,
			);
			name = LaunchScreen.xib;
			sourceTree = "<group>";
		};
/* End PBXVariantGroup section */

/* Begin XCBuildConfiguration section */
		E74B23971BAB476A003B91B8 /* Debug */ = {
			isa = XCBuildConfiguration;
			buildSettings = {
				ALWAYS_SEARCH_USER_PATHS = NO;
				CLANG_CXX_LANGUAGE_STANDARD = "gnu++0x";
				CLANG_CXX_LIBRARY = "libc++";
				CLANG_ENABLE_MODULES = YES;
				CLANG_ENABLE_OBJC_ARC = YES;
				CLANG_WARN_BOOL_CONVERSION = YES;
				CLANG_WARN_CONSTANT_CONVERSION = YES;
				CLANG_WARN_DIRECT_OBJC_ISA_USAGE = YES_ERROR;
				CLANG_WARN_EMPTY_BODY = YES;
				CLANG_WARN_ENUM_CONVERSION = YES;
				CLANG_WARN_INT_CONVERSION = YES;
				CLANG_WARN_OBJC_ROOT_CLASS = YES_ERROR;
				CLANG_WARN_UNREACHABLE_CODE = YES;
				CLANG_WARN__DUPLICATE_METHOD_MATCH = YES;
				"CODE_SIGN_IDENTITY[sdk=iphoneos*]" = "iPhone Developer";
				COPY_PHASE_STRIP = NO;
				DEBUG_INFORMATION_FORMAT = "dwarf-with-dsym";
				ENABLE_STRICT_OBJC_MSGSEND = YES;
				GCC_C_LANGUAGE_STANDARD = gnu99;
				GCC_DYNAMIC_NO_PIC = NO;
				GCC_NO_COMMON_BLOCKS = YES;
				GCC_OPTIMIZATION_LEVEL = 0;
				GCC_PREPROCESSOR_DEFINITIONS = (
					"DEBUG=1",
					"$(inherited)",
				);
				GCC_SYMBOLS_PRIVATE_EXTERN = NO;
				GCC_WARN_64_TO_32_BIT_CONVERSION = YES;
				GCC_WARN_ABOUT_RETURN_TYPE = YES_ERROR;
				GCC_WARN_UNDECLARED_SELECTOR = YES;
				GCC_WARN_UNINITIALIZED_AUTOS = YES_AGGRESSIVE;
				GCC_WARN_UNUSED_FUNCTION = YES;
				GCC_WARN_UNUSED_VARIABLE = YES;
				IPHONEOS_DEPLOYMENT_TARGET = 8.4;
				MTL_ENABLE_DEBUG_INFO = YES;
				ONLY_ACTIVE_ARCH = YES;
				SDKROOT = iphoneos;
			};
			name = Debug;
		};
		E74B23981BAB476A003B91B8 /* Release */ = {
			isa = XCBuildConfiguration;
			buildSettings = {
				ALWAYS_SEARCH_USER_PATHS = NO;
				CLANG_CXX_LANGUAGE_STANDARD = "gnu++0x";
				CLANG_CXX_LIBRARY = "libc++";
				CLANG_ENABLE_MODULES = YES;
				CLANG_ENABLE_OBJC_ARC = YES;
				CLANG_WARN_BOOL_CONVERSION = YES;
				CLANG_WARN_CONSTANT_CONVERSION = YES;
				CLANG_WARN_DIRECT_OBJC_ISA_USAGE = YES_ERROR;
				CLANG_WARN_EMPTY_BODY = YES;
				CLANG_WARN_ENUM_CONVERSION = YES;
				CLANG_WARN_INT_CONVERSION = YES;
				CLANG_WARN_OBJC_ROOT_CLASS = YES_ERROR;
				CLANG_WARN_UNREACHABLE_CODE = YES;
				CLANG_WARN__DUPLICATE_METHOD_MATCH = YES;
				"CODE_SIGN_IDENTITY[sdk=iphoneos*]" = "iPhone Developer";
				COPY_PHASE_STRIP = NO;
				DEBUG_INFORMATION_FORMAT = "dwarf-with-dsym";
				ENABLE_NS_ASSERTIONS = NO;
				ENABLE_STRICT_OBJC_MSGSEND = YES;
				GCC_C_LANGUAGE_STANDARD = gnu99;
				GCC_NO_COMMON_BLOCKS = YES;
				GCC_WARN_64_TO_32_BIT_CONVERSION = YES;
				GCC_WARN_ABOUT_RETURN_TYPE = YES_ERROR;
				GCC_WARN_UNDECLARED_SELECTOR = YES;
				GCC_WARN_UNINITIALIZED_AUTOS = YES_AGGRESSIVE;
				GCC_WARN_UNUSED_FUNCTION = YES;
				GCC_WARN_UNUSED_VARIABLE = YES;
				IPHONEOS_DEPLOYMENT_TARGET = 8.4;
				MTL_ENABLE_DEBUG_INFO = NO;
				SDKROOT = iphoneos;
				VALIDATE_PRODUCT = YES;
			};
			name = Release;
		};
		E74B239A1BAB476A003B91B8 /* Debug */ = {
			isa = XCBuildConfiguration;
			buildSettings = {
				ASSETCATALOG_COMPILER_APPICON_NAME = AppIcon;
				INFOPLIST_FILE = Canvas/Info.plist;
				LD_RUNPATH_SEARCH_PATHS = "$(inherited) @executable_path/Frameworks";
				PRODUCT_NAME = "$(TARGET_NAME)";
			};
			name = Debug;
		};
		E74B239B1BAB476A003B91B8 /* Release */ = {
			isa = XCBuildConfiguration;
			buildSettings = {
				ASSETCATALOG_COMPILER_APPICON_NAME = AppIcon;
				INFOPLIST_FILE = Canvas/Info.plist;
				LD_RUNPATH_SEARCH_PATHS = "$(inherited) @executable_path/Frameworks";
				PRODUCT_NAME = "$(TARGET_NAME)";
			};
			name = Release;
		};
		E74B239D1BAB476A003B91B8 /* Debug */ = {
			isa = XCBuildConfiguration;
			buildSettings = {
				BUNDLE_LOADER = "$(TEST_HOST)";
				FRAMEWORK_SEARCH_PATHS = (
					"$(SDKROOT)/Developer/Library/Frameworks",
					"$(inherited)",
				);
				GCC_PREPROCESSOR_DEFINITIONS = (
					"DEBUG=1",
					"$(inherited)",
				);
				INFOPLIST_FILE = CanvasTests/Info.plist;
				LD_RUNPATH_SEARCH_PATHS = "$(inherited) @executable_path/Frameworks @loader_path/Frameworks";
				PRODUCT_NAME = "$(TARGET_NAME)";
				TEST_HOST = "$(BUILT_PRODUCTS_DIR)/Canvas.app/Canvas";
			};
			name = Debug;
		};
		E74B239E1BAB476A003B91B8 /* Release */ = {
			isa = XCBuildConfiguration;
			buildSettings = {
				BUNDLE_LOADER = "$(TEST_HOST)";
				FRAMEWORK_SEARCH_PATHS = (
					"$(SDKROOT)/Developer/Library/Frameworks",
					"$(inherited)",
				);
				INFOPLIST_FILE = CanvasTests/Info.plist;
				LD_RUNPATH_SEARCH_PATHS = "$(inherited) @executable_path/Frameworks @loader_path/Frameworks";
				PRODUCT_NAME = "$(TARGET_NAME)";
				TEST_HOST = "$(BUILT_PRODUCTS_DIR)/Canvas.app/Canvas";
			};
			name = Release;
		};
/* End XCBuildConfiguration section */

/* Begin XCConfigurationList section */
		E74B236E1BAB476A003B91B8 /* Build configuration list for PBXProject "Canvas" */ = {
			isa = XCConfigurationList;
			buildConfigurations = (
				E74B23971BAB476A003B91B8 /* Debug */,
				E74B23981BAB476A003B91B8 /* Release */,
			);
			defaultConfigurationIsVisible = 0;
			defaultConfigurationName = Release;
		};
		E74B23991BAB476A003B91B8 /* Build configuration list for PBXNativeTarget "Canvas" */ = {
			isa = XCConfigurationList;
			buildConfigurations = (
				E74B239A1BAB476A003B91B8 /* Debug */,
				E74B239B1BAB476A003B91B8 /* Release */,
			);
			defaultConfigurationIsVisible = 0;
		};
		E74B239C1BAB476A003B91B8 /* Build configuration list for PBXNativeTarget "CanvasTests" */ = {
			isa = XCConfigurationList;
			buildConfigurations = (
				E74B239D1BAB476A003B91B8 /* Debug */,
				E74B239E1BAB476A003B91B8 /* Release */,
			);
			defaultConfigurationIsVisible = 0;
		};
/* End XCConfigurationList section */

/* Begin XCVersionGroup section */
		E74B237D1BAB476A003B91B8 /* Canvas.xcdatamodeld */ = {
			isa = XCVersionGroup;
			children = (
				E74B237E1BAB476A003B91B8 /* Canvas.xcdatamodel */,
			);
			currentVersion = E74B237E1BAB476A003B91B8 /* Canvas.xcdatamodel */;
			path = Canvas.xcdatamodeld;
			sourceTree = "<group>";
			versionGroupType = wrapper.xcdatamodel;
		};
/* End XCVersionGroup section */
	};
	rootObject = E74B236B1BAB476A003B91B8 /* Project object */;
}
